
Microsoft Visual Studio Solution File, Format Version 12.00
# Visual Studio 15
VisualStudioVersion = 15.0.28307.902
MinimumVisualStudioVersion = 10.0.40219.1
Project("{FAE04EC0-301F-11D3-BF4B-00C04F79EFBC}") = "MvcStok", "MvcStok\MvcStok.csproj", "{256C7D89-CCD2-4A0B-8CB7-E935652A462F}"
EndProject
Global
	GlobalSection(SolutionConfigurationPlatforms) = preSolution
		Debug|Any CPU = Debug|Any CPU
		Release|Any CPU = Release|Any CPU
	EndGlobalSection
	GlobalSection(ProjectConfigurationPlatforms) = postSolution
		{256C7D89-CCD2-4A0B-8CB7-E935652A462F}.Debug|Any CPU.ActiveCfg = Debug|Any CPU
		{256C7D89-CCD2-4A0B-8CB7-E935652A462F}.Debug|Any CPU.Build.0 = Debug|Any CPU
		{256C7D89-CCD2-4A0B-8CB7-E935652A462F}.Release|Any CPU.ActiveCfg = Release|Any CPU
		{256C7D89-CCD2-4A0B-8CB7-E935652A462F}.Release|Any CPU.Build.0 = Release|Any CPU
	EndGlobalSection
	GlobalSection(SolutionProperties) = preSolution
		HideSolutionNode = FALSE
	EndGlobalSection
	GlobalSection(ExtensibilityGlobals) = postSolution
		SolutionGuid = {D3B2BCCE-7BE5-41B6-BC34-39D0629ED991}
	EndGlobalSection
EndGlobal
